{
    "_readme": [
        "This file locks the dependencies of your project to a known state",
        "Read more about it at https://getcomposer.org/doc/01-basic-usage.md#installing-dependencies",
        "This file is @generated automatically"
    ],
    "content-hash": "60e322118a66bd6a5816fbb9ca9e5950",
    "packages": [
        {
            "name": "aditamagf/check-ign",
            "version": "1.2",
            "source": {
                "type": "git",
                "url": "https://github.com/aditamagf/check-ign.git",
                "reference": "ba65eb6c8af75da22b37be5b36d10a6b5d1323df"
            },
            "dist": {
                "type": "zip",
                "url": "https://api.github.com/repos/aditamagf/check-ign/zipball/ba65eb6c8af75da22b37be5b36d10a6b5d1323df",
                "reference": "ba65eb6c8af75da22b37be5b36d10a6b5d1323df",
                "shasum": ""
            },
            "type": "library",
            "autoload": {
                "psr-4": {
                    "Aditdev\\": "src/"
                }
            },
            "notification-url": "https://packagist.org/downloads/",
            "license": [
                "MIT"
            ],
            "authors": [
                {
                    "name": "aditamagf",
                    "email": "business@aditdev.id"
                }
            ],
            "description": "Un-official API to Check Username Game By Account ID",
            "support": {
                "issues": "https://github.com/aditamagf/check-ign/issues",
                "source": "https://github.com/aditamagf/check-ign/tree/1.2"
            },
            "funding": [
                {
                    "url": "https://trakteer.id/aditamagf/tip",
                    "type": "custom"
                },
                {
                    "url": "https://ko-fi.com/aditamagf",
                    "type": "ko_fi"
                }
            ],
            "time": "2024-07-11T08:10:42+00:00"
        },
        {
            "name": "twilio/sdk",
            "version": "8.2.3",
            "source": {
                "type": "git",
                "url": "https://github.com/twilio/twilio-php.git",
                "reference": "9b0297df39cadcae857387e86d0e062887d59c15"
            },
            "dist": {
                "type": "zip",
                "url": "https://api.github.com/repos/twilio/twilio-php/zipball/9b0297df39cadcae857387e86d0e062887d59c15",
                "reference": "9b0297df39cadcae857387e86d0e062887d59c15",
                "shasum": ""
            },
            "require": {
                "php": ">=7.1.0"
            },
            "require-dev": {
                "guzzlehttp/guzzle": "^6.3 || ^7.0",
                "phpunit/phpunit": ">=7.0 < 10"
            },
            "suggest": {
                "guzzlehttp/guzzle": "An HTTP client to execute the API requests"
            },
            "type": "library",
            "autoload": {
                "psr-4": {
                    "Twilio\\": "src/Twilio/"
                }
            },
            "notification-url": "https://packagist.org/downloads/",
            "license": [
                "MIT"
            ],
            "authors": [
                {
                    "name": "Twilio API Team",
                    "email": "api@twilio.com"
                }
            ],
            "description": "A PHP wrapper for Twilio's API",
            "homepage": "https://github.com/twilio/twilio-php",
            "keywords": [
                "api",
                "sms",
                "twilio"
            ],
            "support": {
                "issues": "https://github.com/twilio/twilio-php/issues",
                "source": "https://github.com/twilio/twilio-php/tree/8.2.3"
            },
            "time": "2024-08-26T11:24:31+00:00"
        }
    ],
    "packages-dev": [],
    "aliases": [],
    "minimum-stability": "stable",
    "stability-flags": [],
    "prefer-stable": false,
    "prefer-lowest": false,
    "platform": [],
    "platform-dev": [],
    "plugin-api-version": "2.6.0"
}
